// !$*UTF8*$!
{
	archiveVersion = 1;
	classes = {
	};
	objectVersion = 46;
	objects = {

/* Begin PBXBuildFile section */
		9C45A96C1B1050D200EE7BD0 /* AppDelegate.swift in Sources */ = {isa = PBXBuildFile; fileRef = 9C45A96B1B1050D200EE7BD0 /* AppDelegate.swift */; };
		9C45A96E1B1050D200EE7BD0 /* GameScene.sks in Resources */ = {isa = PBXBuildFile; fileRef = 9C45A96D1B1050D200EE7BD0 /* GameScene.sks */; };
		9C45A9701B1050D200EE7BD0 /* GameScene.swift in Sources */ = {isa = PBXBuildFile; fileRef = 9C45A96F1B1050D200EE7BD0 /* GameScene.swift */; };
		9C45A9721B1050D200EE7BD0 /* GameViewController.swift in Sources */ = {isa = PBXBuildFile; fileRef = 9C45A9711B1050D200EE7BD0 /* GameViewController.swift */; };
		9C45A9751B1050D200EE7BD0 /* Main.storyboard in Resources */ = {isa = PBXBuildFile; fileRef = 9C45A9731B1050D200EE7BD0 /* Main.storyboard */; };
		9C45A9771B1050D200EE7BD0 /* Images.xcassets in Resources */ = {isa = PBXBuildFile; fileRef = 9C45A9761B1050D200EE7BD0 /* Images.xcassets */; };
		9C45A97A1B1050D200EE7BD0 /* LaunchScreen.xib in Resources */ = {isa = PBXBuildFile; fileRef = 9C45A9781B1050D200EE7BD0 /* LaunchScreen.xib */; };
		9C45A9861B1050D200EE7BD0 /* pongTestTests.swift in Sources */ = {isa = PBXBuildFile; fileRef = 9C45A9851B1050D200EE7BD0 /* pongTestTests.swift */; };
		9C4D2B481B10F8FF00F75F30 /* GameOverScene.swift in Sources */ = {isa = PBXBuildFile; fileRef = 9C4D2B471B10F8FF00F75F30 /* GameOverScene.swift */; };
/* End PBXBuildFile section */

/* Begin PBXContainerItemProxy section */
		9C45A9801B1050D200EE7BD0 /* PBXContainerItemProxy */ = {
			isa = PBXContainerItemProxy;
			containerPortal = 9C45A95E1B1050D200EE7BD0 /* Project object */;
			proxyType = 1;
			remoteGlobalIDString = 9C45A9651B1050D200EE7BD0;
			remoteInfo = pongTest;
		};
/* End PBXContainerItemProxy section */

/* Begin PBXFileReference section */
		9C45A9661B1050D200EE7BD0 /* fallingUp.app */ = {isa = PBXFileReference; explicitFileType = wrapper.application; includeInIndex = 0; path = fallingUp.app; sourceTree = BUILT_PRODUCTS_DIR; };
		9C45A96A1B1050D200EE7BD0 /* Info.plist */ = {isa = PBXFileReference; lastKnownFileType = text.plist.xml; path = Info.plist; sourceTree = "<group>"; };
		9C45A96B1B1050D200EE7BD0 /* AppDelegate.swift */ = {isa = PBXFileReference; lastKnownFileType = sourcecode.swift; path = AppDelegate.swift; sourceTree = "<group>"; };
		9C45A96D1B1050D200EE7BD0 /* GameScene.sks */ = {isa = PBXFileReference; lastKnownFileType = file.sks; path = GameScene.sks; sourceTree = "<group>"; };
		9C45A96F1B1050D200EE7BD0 /* GameScene.swift */ = {isa = PBXFileReference; lastKnownFileType = sourcecode.swift; path = GameScene.swift; sourceTree = "<group>"; };
		9C45A9711B1050D200EE7BD0 /* GameViewController.swift */ = {isa = PBXFileReference; lastKnownFileType = sourcecode.swift; path = GameViewController.swift; sourceTree = "<group>"; };
		9C45A9741B1050D200EE7BD0 /* Base */ = {isa = PBXFileReference; lastKnownFileType = file.storyboard; name = Base; path = Base.lproj/Main.storyboard; sourceTree = "<group>"; };
		9C45A9761B1050D200EE7BD0 /* Images.xcassets */ = {isa = PBXFileReference; lastKnownFileType = folder.assetcatalog; path = Images.xcassets; sourceTree = "<group>"; };
		9C45A9791B1050D200EE7BD0 /* Base */ = {isa = PBXFileReference; lastKnownFileType = file.xib; name = Base; path = Base.lproj/LaunchScreen.xib; sourceTree = "<group>"; };
		9C45A97F1B1050D200EE7BD0 /* fallingUpTests.xctest */ = {isa = PBXFileReference; explicitFileType = wrapper.cfbundle; includeInIndex = 0; path = fallingUpTests.xctest; sourceTree = BUILT_PRODUCTS_DIR; };
		9C45A9841B1050D200EE7BD0 /* Info.plist */ = {isa = PBXFileReference; lastKnownFileType = text.plist.xml; path = Info.plist; sourceTree = "<group>"; };
		9C45A9851B1050D200EE7BD0 /* pongTestTests.swift */ = {isa = PBXFileReference; lastKnownFileType = sourcecode.swift; path = pongTestTests.swift; sourceTree = "<group>"; };
		9C4D2B471B10F8FF00F75F30 /* GameOverScene.swift */ = {isa = PBXFileReference; fileEncoding = 4; lastKnownFileType = sourcecode.swift; path = GameOverScene.swift; sourceTree = "<group>"; };
/* End PBXFileReference section */

/* Begin PBXFrameworksBuildPhase section */
		9C45A9631B1050D200EE7BD0 /* Frameworks */ = {
			isa = PBXFrameworksBuildPhase;
			buildActionMask = 2147483647;
			files = (
			);
			runOnlyForDeploymentPostprocessing = 0;
		};
		9C45A97C1B1050D200EE7BD0 /* Frameworks */ = {
			isa = PBXFrameworksBuildPhase;
			buildActionMask = 2147483647;
			files = (
			);
			runOnlyForDeploymentPostprocessing = 0;
		};
/* End PBXFrameworksBuildPhase section */

/* Begin PBXGroup section */
		9C45A95D1B1050D200EE7BD0 = {
			isa = PBXGroup;
			children = (
				9C45A9681B1050D200EE7BD0 /* pongTest */,
				9C45A9821B1050D200EE7BD0 /* pongTestTests */,
				9C45A9671B1050D200EE7BD0 /* Products */,
			);
			sourceTree = "<group>";
		};
		9C45A9671B1050D200EE7BD0 /* Products */ = {
			isa = PBXGroup;
			children = (
				9C45A9661B1050D200EE7BD0 /* fallingUp.app */,
				9C45A97F1B1050D200EE7BD0 /* fallingUpTests.xctest */,
			);
			name = Products;
			sourceTree = "<group>";
		};
		9C45A9681B1050D200EE7BD0 /* pongTest */ = {
			isa = PBXGroup;
			children = (
				9C45A96B1B1050D200EE7BD0 /* AppDelegate.swift */,
				9C45A96D1B1050D200EE7BD0 /* GameScene.sks */,
				9C45A96F1B1050D200EE7BD0 /* GameScene.swift */,
				9C4D2B471B10F8FF00F75F30 /* GameOverScene.swift */,
				9C45A9711B1050D200EE7BD0 /* GameViewController.swift */,
				9C45A9731B1050D200EE7BD0 /* Main.storyboard */,
				9C45A9761B1050D200EE7BD0 /* Images.xcassets */,
				9C45A9781B1050D200EE7BD0 /* LaunchScreen.xib */,
				9C45A9691B1050D200EE7BD0 /* Supporting Files */,
			);
			path = pongTest;
			sourceTree = "<group>";
		};
		9C45A9691B1050D200EE7BD0 /* Supporting Files */ = {
			isa = PBXGroup;
			children = (
				9C45A96A1B1050D200EE7BD0 /* Info.plist */,
			);
			name = "Supporting Files";
			sourceTree = "<group>";
		};
		9C45A9821B1050D200EE7BD0 /* pongTestTests */ = {
			isa = PBXGroup;
			children = (
				9C45A9851B1050D200EE7BD0 /* pongTestTests.swift */,
				9C45A9831B1050D200EE7BD0 /* Supporting Files */,
			);
			path = pongTestTests;
			sourceTree = "<group>";
		};
		9C45A9831B1050D200EE7BD0 /* Supporting Files */ = {
			isa = PBXGroup;
			children = (
				9C45A9841B1050D200EE7BD0 /* Info.plist */,
			);
			name = "Supporting Files";
			sourceTree = "<group>";
		};
/* End PBXGroup section */

/* Begin PBXNativeTarget section */
		9C45A9651B1050D200EE7BD0 /* fallingUp */ = {
			isa = PBXNativeTarget;
			buildConfigurationList = 9C45A9891B1050D200EE7BD0 /* Build configuration list for PBXNativeTarget "fallingUp" */;
			buildPhases = (
				9C45A9621B1050D200EE7BD0 /* Sources */,
				9C45A9631B1050D200EE7BD0 /* Frameworks */,
				9C45A9641B1050D200EE7BD0 /* Resources */,
			);
			buildRules = (
			);
			dependencies = (
			);
			name = fallingUp;
			productName = pongTest;
			productReference = 9C45A9661B1050D200EE7BD0 /* fallingUp.app */;
			productType = "com.apple.product-type.application";
		};
		9C45A97E1B1050D200EE7BD0 /* fallingUpTests */ = {
			isa = PBXNativeTarget;
			buildConfigurationList = 9C45A98C1B1050D200EE7BD0 /* Build configuration list for PBXNativeTarget "fallingUpTests" */;
			buildPhases = (
				9C45A97B1B1050D200EE7BD0 /* Sources */,
				9C45A97C1B1050D200EE7BD0 /* Frameworks */,
				9C45A97D1B1050D200EE7BD0 /* Resources */,
			);
			buildRules = (
			);
			dependencies = (
				9C45A9811B1050D200EE7BD0 /* PBXTargetDependency */,
			);
			name = fallingUpTests;
			productName = pongTestTests;
			productReference = 9C45A97F1B1050D200EE7BD0 /* fallingUpTests.xctest */;
			productType = "com.apple.product-type.bundle.unit-test";
		};
/* End PBXNativeTarget section */

/* Begin PBXProject section */
		9C45A95E1B1050D200EE7BD0 /* Project object */ = {
			isa = PBXProject;
			attributes = {
				LastUpgradeCheck = 0630;
				ORGANIZATIONNAME = "Erick Franco";
				TargetAttributes = {
					9C45A9651B1050D200EE7BD0 = {
						CreatedOnToolsVersion = 6.3.2;
						DevelopmentTeam = G66X828SB7;
					};
					9C45A97E1B1050D200EE7BD0 = {
						CreatedOnToolsVersion = 6.3.2;
						TestTargetID = 9C45A9651B1050D200EE7BD0;
					};
				};
			};
			buildConfigurationList = 9C45A9611B1050D200EE7BD0 /* Build configuration list for PBXProject "fallingUp" */;
			compatibilityVersion = "Xcode 3.2";
			developmentRegion = English;
			hasScannedForEncodings = 0;
			knownRegions = (
				en,
				Base,
			);
			mainGroup = 9C45A95D1B1050D200EE7BD0;
			productRefGroup = 9C45A9671B1050D200EE7BD0 /* Products */;
			projectDirPath = "";
			projectRoot = "";
			targets = (
				9C45A9651B1050D200EE7BD0 /* fallingUp */,
				9C45A97E1B1050D200EE7BD0 /* fallingUpTests */,
			);
		};
/* End PBXProject section */

/* Begin PBXResourcesBuildPhase section */
		9C45A9641B1050D200EE7BD0 /* Resources */ = {
			isa = PBXResourcesBuildPhase;
			buildActionMask = 2147483647;
			files = (
				9C45A97A1B1050D200EE7BD0 /* LaunchScreen.xib in Resources */,
				9C45A9771B1050D200EE7BD0 /* Images.xcassets in Resources */,
				9C45A96E1B1050D200EE7BD0 /* GameScene.sks in Resources */,
				9C45A9751B1050D200EE7BD0 /* Main.storyboard in Resources */,
			);
			runOnlyForDeploymentPostprocessing = 0;
		};
		9C45A97D1B1050D200EE7BD0 /* Resources */ = {
			isa = PBXResourcesBuildPhase;
			buildActionMask = 2147483647;
			files = (
			);
			runOnlyForDeploymentPostprocessing = 0;
		};
/* End PBXResourcesBuildPhase section */

/* Begin PBXSourcesBuildPhase section */
		9C45A9621B1050D200EE7BD0 /* Sources */ = {
			isa = PBXSourcesBuildPhase;
			buildActionMask = 2147483647;
			files = (
				9C45A9701B1050D200EE7BD0 /* GameScene.swift in Sources */,
				9C45A9721B1050D200EE7BD0 /* GameViewController.swift in Sources */,
				9C4D2B481B10F8FF00F75F30 /* GameOverScene.swift in Sources */,
				9C45A96C1B1050D200EE7BD0 /* AppDelegate.swift in Sources */,
			);
			runOnlyForDeploymentPostprocessing = 0;
		};
		9C45A97B1B1050D200EE7BD0 /* Sources */ = {
			isa = PBXSourcesBuildPhase;
			buildActionMask = 2147483647;
			files = (
				9C45A9861B1050D200EE7BD0 /* pongTestTests.swift in Sources */,
			);
			runOnlyForDeploymentPostprocessing = 0;
		};
/* End PBXSourcesBuildPhase section */

/* Begin PBXTargetDependency section */
		9C45A9811B1050D200EE7BD0 /* PBXTargetDependency */ = {
			isa = PBXTargetDependency;
			target = 9C45A9651B1050D200EE7BD0 /* fallingUp */;
			targetProxy = 9C45A9801B1050D200EE7BD0 /* PBXContainerItemProxy */;
		};
/* End PBXTargetDependency section */

/* Begin PBXVariantGroup section */
		9C45A9731B1050D200EE7BD0 /* Main.storyboard */ = {
			isa = PBXVariantGroup;
			children = (
				9C45A9741B1050D200EE7BD0 /* Base */,
			);
			name = Main.storyboard;
			sourceTree = "<group>";
		};
		9C45A9781B1050D200EE7BD0 /* LaunchScreen.xib */ = {
			isa = PBXVariantGroup;
			children = (
				9C45A9791B1050D200EE7BD0 /* Base */,
			);
			name = LaunchScreen.xib;
			sourceTree = "<group>";
		};
/* End PBXVariantGroup section */

/* Begin XCBuildConfiguration section */
		9C45A9871B1050D200EE7BD0 /* Debug */ = {
			isa = XCBuildConfiguration;
			buildSettings = {
				ALWAYS_SEARCH_USER_PATHS = NO;
				CLANG_CXX_LANGUAGE_STANDARD = "gnu++0x";
				CLANG_CXX_LIBRARY = "libc++";
				CLANG_ENABLE_MODULES = YES;
				CLANG_ENABLE_OBJC_ARC = YES;
				CLANG_WARN_BOOL_CONVERSION = YES;
				CLANG_WARN_CONSTANT_CONVERSION = YES;
				CLANG_WARN_DIRECT_OBJC_ISA_USAGE = YES_ERROR;
				CLANG_WARN_EMPTY_BODY = YES;
				CLANG_WARN_ENUM_CONVERSION = YES;
				CLANG_WARN_INT_CONVERSION = YES;
				CLANG_WARN_OBJC_ROOT_CLASS = YES_ERROR;
				CLANG_WARN_UNREACHABLE_CODE = YES;
				CLANG_WARN__DUPLICATE_METHOD_MATCH = YES;
				"CODE_SIGN_IDENTITY[sdk=iphoneos*]" = "iPhone Developer";
				COPY_PHASE_STRIP = NO;
				DEBUG_INFORMATION_FORMAT = "dwarf-with-dsym";
				ENABLE_STRICT_OBJC_MSGSEND = YES;
				GCC_C_LANGUAGE_STANDARD = gnu99;
				GCC_DYNAMIC_NO_PIC = NO;
				GCC_NO_COMMON_BLOCKS = YES;
				GCC_OPTIMIZATION_LEVEL = 0;
				GCC_PREPROCESSOR_DEFINITIONS = (
					"DEBUG=1",
					"$(inherited)",
				);
				GCC_SYMBOLS_PRIVATE_EXTERN = NO;
				GCC_WARN_64_TO_32_BIT_CONVERSION = YES;
				GCC_WARN_ABOUT_RETURN_TYPE = YES_ERROR;
				GCC_WARN_UNDECLARED_SELECTOR = YES;
				GCC_WARN_UNINITIALIZED_AUTOS = YES_AGGRESSIVE;
				GCC_WARN_UNUSED_FUNCTION = YES;
				GCC_WARN_UNUSED_VARIABLE = YES;
				IPHONEOS_DEPLOYMENT_TARGET = 8.3;
				MTL_ENABLE_DEBUG_INFO = YES;
				ONLY_ACTIVE_ARCH = YES;
				SDKROOT = iphoneos;
				SWIFT_OPTIMIZATION_LEVEL = "-Onone";
			};
			name = Debug;
		};
		9C45A9881B1050D200EE7BD0 /* Release */ = {
			isa = XCBuildConfiguration;
			buildSettings = {
				ALWAYS_SEARCH_USER_PATHS = NO;
				CLANG_CXX_LANGUAGE_STANDARD = "gnu++0x";
				CLANG_CXX_LIBRARY = "libc++";
				CLANG_ENABLE_MODULES = YES;
				CLANG_ENABLE_OBJC_ARC = YES;
				CLANG_WARN_BOOL_CONVERSION = YES;
				CLANG_WARN_CONSTANT_CONVERSION = YES;
				CLANG_WARN_DIRECT_OBJC_ISA_USAGE = YES_ERROR;
				CLANG_WARN_EMPTY_BODY = YES;
				CLANG_WARN_ENUM_CONVERSION = YES;
				CLANG_WARN_INT_CONVERSION = YES;
				CLANG_WARN_OBJC_ROOT_CLASS = YES_ERROR;
				CLANG_WARN_UNREACHABLE_CODE = YES;
				CLANG_WARN__DUPLICATE_METHOD_MATCH = YES;
				"CODE_SIGN_IDENTITY[sdk=iphoneos*]" = "iPhone Developer";
				COPY_PHASE_STRIP = NO;
				DEBUG_INFORMATION_FORMAT = "dwarf-with-dsym";
				ENABLE_NS_ASSERTIONS = NO;
				ENABLE_STRICT_OBJC_MSGSEND = YES;
				GCC_C_LANGUAGE_STANDARD = gnu99;
				GCC_NO_COMMON_BLOCKS = YES;
				GCC_WARN_64_TO_32_BIT_CONVERSION = YES;
				GCC_WARN_ABOUT_RETURN_TYPE = YES_ERROR;
				GCC_WARN_UNDECLARED_SELECTOR = YES;
				GCC_WARN_UNINITIALIZED_AUTOS = YES_AGGRESSIVE;
				GCC_WARN_UNUSED_FUNCTION = YES;
				GCC_WARN_UNUSED_VARIABLE = YES;
				IPHONEOS_DEPLOYMENT_TARGET = 8.3;
				MTL_ENABLE_DEBUG_INFO = NO;
				SDKROOT = iphoneos;
				VALIDATE_PRODUCT = YES;
			};
			name = Release;
		};
		9C45A98A1B1050D200EE7BD0 /* Debug */ = {
			isa = XCBuildConfiguration;
			buildSettings = {
				ASSETCATALOG_COMPILER_APPICON_NAME = AppIcon;
				CODE_SIGN_IDENTITY = "iPhone Developer";
				"CODE_SIGN_IDENTITY[sdk=iphoneos*]" = "iPhone Developer";
				INFOPLIST_FILE = pongTest/Info.plist;
				LD_RUNPATH_SEARCH_PATHS = "$(inherited) @executable_path/Frameworks";
				PRODUCT_NAME = fallingUp;
				PROVISIONING_PROFILE = "";
			};
			name = Debug;
		};
		9C45A98B1B1050D200EE7BD0 /* Release */ = {
			isa = XCBuildConfiguration;
			buildSettings = {
				ASSETCATALOG_COMPILER_APPICON_NAME = AppIcon;
				CODE_SIGN_IDENTITY = "iPhone Developer";
				"CODE_SIGN_IDENTITY[sdk=iphoneos*]" = "iPhone Developer";
				INFOPLIST_FILE = pongTest/Info.plist;
				LD_RUNPATH_SEARCH_PATHS = "$(inherited) @executable_path/Frameworks";
				PRODUCT_NAME = fallingUp;
				PROVISIONING_PROFILE = "";
			};
			name = Release;
		};
		9C45A98D1B1050D200EE7BD0 /* Debug */ = {
			isa = XCBuildConfiguration;
			buildSettings = {
				BUNDLE_LOADER = "$(TEST_HOST)";
				FRAMEWORK_SEARCH_PATHS = (
					"$(SDKROOT)/Developer/Library/Frameworks",
					"$(inherited)",
				);
				GCC_PREPROCESSOR_DEFINITIONS = (
					"DEBUG=1",
					"$(inherited)",
				);
				INFOPLIST_FILE = pongTestTests/Info.plist;
				LD_RUNPATH_SEARCH_PATHS = "$(inherited) @executable_path/Frameworks @loader_path/Frameworks";
				PRODUCT_NAME = fallingUpTests;
				TEST_HOST = "$(BUILT_PRODUCTS_DIR)/pongTest.app/pongTest";
			};
			name = Debug;
		};
		9C45A98E1B1050D200EE7BD0 /* Release */ = {
			isa = XCBuildConfiguration;
			buildSettings = {
				BUNDLE_LOADER = "$(TEST_HOST)";
				FRAMEWORK_SEARCH_PATHS = (
					"$(SDKROOT)/Developer/Library/Frameworks",
					"$(inherited)",
				);
				INFOPLIST_FILE = pongTestTests/Info.plist;
				LD_RUNPATH_SEARCH_PATHS = "$(inherited) @executable_path/Frameworks @loader_path/Frameworks";
				PRODUCT_NAME = fallingUpTests;
				TEST_HOST = "$(BUILT_PRODUCTS_DIR)/pongTest.app/pongTest";
			};
			name = Release;
		};
/* End XCBuildConfiguration section */

/* Begin XCConfigurationList section */
		9C45A9611B1050D200EE7BD0 /* Build configuration list for PBXProject "fallingUp" */ = {
			isa = XCConfigurationList;
			buildConfigurations = (
				9C45A9871B1050D200EE7BD0 /* Debug */,
				9C45A9881B1050D200EE7BD0 /* Release */,
			);
			defaultConfigurationIsVisible = 0;
			defaultConfigurationName = Release;
		};
		9C45A9891B1050D200EE7BD0 /* Build configuration list for PBXNativeTarget "fallingUp" */ = {
			isa = XCConfigurationList;
			buildConfigurations = (
				9C45A98A1B1050D200EE7BD0 /* Debug */,
				9C45A98B1B1050D200EE7BD0 /* Release */,
			);
			defaultConfigurationIsVisible = 0;
			defaultConfigurationName = Release;
		};
		9C45A98C1B1050D200EE7BD0 /* Build configuration list for PBXNativeTarget "fallingUpTests" */ = {
			isa = XCConfigurationList;
			buildConfigurations = (
				9C45A98D1B1050D200EE7BD0 /* Debug */,
				9C45A98E1B1050D200EE7BD0 /* Release */,
			);
			defaultConfigurationIsVisible = 0;
			defaultConfigurationName = Release;
		};
/* End XCConfigurationList section */
	};
	rootObject = 9C45A95E1B1050D200EE7BD0 /* Project object */;
}
